// !$*UTF8*$!
{
	archiveVersion = 1;
	classes = {
	};
	objectVersion = 56;
	objects = {

/* Begin PBXBuildFile section */
		04A889EF2B054B7C0067F679 /* AppDelegate.swift in Sources */ = {isa = PBXBuildFile; fileRef = 04A889EE2B054B7C0067F679 /* AppDelegate.swift */; };
		04A889F12B054B7C0067F679 /* SceneDelegate.swift in Sources */ = {isa = PBXBuildFile; fileRef = 04A889F02B054B7C0067F679 /* SceneDelegate.swift */; };
		04A889F32B054B7C0067F679 /* LoginViewController.swift in Sources */ = {isa = PBXBuildFile; fileRef = 04A889F22B054B7C0067F679 /* LoginViewController.swift */; };
		04A889F62B054B7C0067F679 /* Main.storyboard in Resources */ = {isa = PBXBuildFile; fileRef = 04A889F42B054B7C0067F679 /* Main.storyboard */; };
		04A889F82B054B7E0067F679 /* Assets.xcassets in Resources */ = {isa = PBXBuildFile; fileRef = 04A889F72B054B7E0067F679 /* Assets.xcassets */; };
		04A889FB2B054B7E0067F679 /* LaunchScreen.storyboard in Resources */ = {isa = PBXBuildFile; fileRef = 04A889F92B054B7E0067F679 /* LaunchScreen.storyboard */; };
		04A88A032B0650840067F679 /* TasksViewController.swift in Sources */ = {isa = PBXBuildFile; fileRef = 04A88A022B0650840067F679 /* TasksViewController.swift */; };
		04EF00A32B0A200B009A872F /* TaskModel.swift in Sources */ = {isa = PBXBuildFile; fileRef = 04EF00A22B0A200B009A872F /* TaskModel.swift */; };
		04EF00A52B0A2013009A872F /* UserModel.swift in Sources */ = {isa = PBXBuildFile; fileRef = 04EF00A42B0A2013009A872F /* UserModel.swift */; };
		04F9BEBD2B06887B008E2D56 /* GoogleService-Info.plist in Resources */ = {isa = PBXBuildFile; fileRef = 04F9BEBC2B06887B008E2D56 /* GoogleService-Info.plist */; };
		04F9BEC02B06894E008E2D56 /* FirebaseAnalytics in Frameworks */ = {isa = PBXBuildFile; productRef = 04F9BEBF2B06894E008E2D56 /* FirebaseAnalytics */; };
		04F9BEC22B06894E008E2D56 /* FirebaseAnalyticsOnDeviceConversion in Frameworks */ = {isa = PBXBuildFile; productRef = 04F9BEC12B06894E008E2D56 /* FirebaseAnalyticsOnDeviceConversion */; };
		04F9BEC42B06894E008E2D56 /* FirebaseAnalyticsSwift in Frameworks */ = {isa = PBXBuildFile; productRef = 04F9BEC32B06894E008E2D56 /* FirebaseAnalyticsSwift */; };
		04F9BEC62B06894E008E2D56 /* FirebaseAnalyticsWithoutAdIdSupport in Frameworks */ = {isa = PBXBuildFile; productRef = 04F9BEC52B06894E008E2D56 /* FirebaseAnalyticsWithoutAdIdSupport */; };
		04F9BEC82B06894E008E2D56 /* FirebaseAppCheck in Frameworks */ = {isa = PBXBuildFile; productRef = 04F9BEC72B06894E008E2D56 /* FirebaseAppCheck */; };
		04F9BECA2B06894E008E2D56 /* FirebaseAppDistribution-Beta in Frameworks */ = {isa = PBXBuildFile; productRef = 04F9BEC92B06894E008E2D56 /* FirebaseAppDistribution-Beta */; };
		04F9BECC2B06894E008E2D56 /* FirebaseAuth in Frameworks */ = {isa = PBXBuildFile; productRef = 04F9BECB2B06894E008E2D56 /* FirebaseAuth */; };
		04F9BECE2B06894E008E2D56 /* FirebaseAuthCombine-Community in Frameworks */ = {isa = PBXBuildFile; productRef = 04F9BECD2B06894E008E2D56 /* FirebaseAuthCombine-Community */; };
		04F9BED02B06894E008E2D56 /* FirebaseCrashlytics in Frameworks */ = {isa = PBXBuildFile; productRef = 04F9BECF2B06894E008E2D56 /* FirebaseCrashlytics */; };
		04F9BED22B06894E008E2D56 /* FirebaseDatabase in Frameworks */ = {isa = PBXBuildFile; productRef = 04F9BED12B06894E008E2D56 /* FirebaseDatabase */; };
		04F9BED42B06894E008E2D56 /* FirebaseDatabaseSwift in Frameworks */ = {isa = PBXBuildFile; productRef = 04F9BED32B06894E008E2D56 /* FirebaseDatabaseSwift */; };
		04F9BED62B06894E008E2D56 /* FirebaseDynamicLinks in Frameworks */ = {isa = PBXBuildFile; productRef = 04F9BED52B06894E008E2D56 /* FirebaseDynamicLinks */; };
		04F9BED82B06894E008E2D56 /* FirebaseFirestore in Frameworks */ = {isa = PBXBuildFile; productRef = 04F9BED72B06894E008E2D56 /* FirebaseFirestore */; };
		04F9BEDA2B06894E008E2D56 /* FirebaseFirestoreCombine-Community in Frameworks */ = {isa = PBXBuildFile; productRef = 04F9BED92B06894E008E2D56 /* FirebaseFirestoreCombine-Community */; };
		04F9BEDC2B06894E008E2D56 /* FirebaseFirestoreSwift in Frameworks */ = {isa = PBXBuildFile; productRef = 04F9BEDB2B06894E008E2D56 /* FirebaseFirestoreSwift */; };
		04F9BEDE2B06894E008E2D56 /* FirebaseFunctions in Frameworks */ = {isa = PBXBuildFile; productRef = 04F9BEDD2B06894E008E2D56 /* FirebaseFunctions */; };
		04F9BEE02B06894E008E2D56 /* FirebaseFunctionsCombine-Community in Frameworks */ = {isa = PBXBuildFile; productRef = 04F9BEDF2B06894E008E2D56 /* FirebaseFunctionsCombine-Community */; };
		04F9BEE22B06894E008E2D56 /* FirebaseInAppMessaging-Beta in Frameworks */ = {isa = PBXBuildFile; productRef = 04F9BEE12B06894E008E2D56 /* FirebaseInAppMessaging-Beta */; };
		04F9BEE42B06894E008E2D56 /* FirebaseInAppMessagingSwift-Beta in Frameworks */ = {isa = PBXBuildFile; productRef = 04F9BEE32B06894E008E2D56 /* FirebaseInAppMessagingSwift-Beta */; };
		04F9BEE62B06894E008E2D56 /* FirebaseInstallations in Frameworks */ = {isa = PBXBuildFile; productRef = 04F9BEE52B06894E008E2D56 /* FirebaseInstallations */; };
		04F9BEE82B06894E008E2D56 /* FirebaseMLModelDownloader in Frameworks */ = {isa = PBXBuildFile; productRef = 04F9BEE72B06894E008E2D56 /* FirebaseMLModelDownloader */; };
		04F9BEEA2B06894E008E2D56 /* FirebaseMessaging in Frameworks */ = {isa = PBXBuildFile; productRef = 04F9BEE92B06894E008E2D56 /* FirebaseMessaging */; };
		04F9BEEC2B06894E008E2D56 /* FirebasePerformance in Frameworks */ = {isa = PBXBuildFile; productRef = 04F9BEEB2B06894E008E2D56 /* FirebasePerformance */; };
		04F9BEEE2B06894E008E2D56 /* FirebaseRemoteConfig in Frameworks */ = {isa = PBXBuildFile; productRef = 04F9BEED2B06894E008E2D56 /* FirebaseRemoteConfig */; };
		04F9BEF02B06894E008E2D56 /* FirebaseRemoteConfigSwift in Frameworks */ = {isa = PBXBuildFile; productRef = 04F9BEEF2B06894E008E2D56 /* FirebaseRemoteConfigSwift */; };
		04F9BEF22B06894E008E2D56 /* FirebaseStorage in Frameworks */ = {isa = PBXBuildFile; productRef = 04F9BEF12B06894E008E2D56 /* FirebaseStorage */; };
		04F9BEF42B06894E008E2D56 /* FirebaseStorageCombine-Community in Frameworks */ = {isa = PBXBuildFile; productRef = 04F9BEF32B06894E008E2D56 /* FirebaseStorageCombine-Community */; };
		04F9BEF62B06895C008E2D56 /* FirebaseAnalytics in Frameworks */ = {isa = PBXBuildFile; productRef = 04F9BEF52B06895C008E2D56 /* FirebaseAnalytics */; };
		04F9BEF82B06895C008E2D56 /* FirebaseAnalyticsOnDeviceConversion in Frameworks */ = {isa = PBXBuildFile; productRef = 04F9BEF72B06895C008E2D56 /* FirebaseAnalyticsOnDeviceConversion */; };
		04F9BEFA2B06895C008E2D56 /* FirebaseAnalyticsSwift in Frameworks */ = {isa = PBXBuildFile; productRef = 04F9BEF92B06895C008E2D56 /* FirebaseAnalyticsSwift */; };
		04F9BEFC2B06895C008E2D56 /* FirebaseAnalyticsWithoutAdIdSupport in Frameworks */ = {isa = PBXBuildFile; productRef = 04F9BEFB2B06895C008E2D56 /* FirebaseAnalyticsWithoutAdIdSupport */; };
		04F9BEFE2B06895C008E2D56 /* FirebaseAppCheck in Frameworks */ = {isa = PBXBuildFile; productRef = 04F9BEFD2B06895C008E2D56 /* FirebaseAppCheck */; };
		04F9BF002B06895C008E2D56 /* FirebaseAppDistribution-Beta in Frameworks */ = {isa = PBXBuildFile; productRef = 04F9BEFF2B06895C008E2D56 /* FirebaseAppDistribution-Beta */; };
		04F9BF022B06895C008E2D56 /* FirebaseAuth in Frameworks */ = {isa = PBXBuildFile; productRef = 04F9BF012B06895C008E2D56 /* FirebaseAuth */; };
		04F9BF042B06895C008E2D56 /* FirebaseAuthCombine-Community in Frameworks */ = {isa = PBXBuildFile; productRef = 04F9BF032B06895C008E2D56 /* FirebaseAuthCombine-Community */; };
		04F9BF062B06895C008E2D56 /* FirebaseCrashlytics in Frameworks */ = {isa = PBXBuildFile; productRef = 04F9BF052B06895C008E2D56 /* FirebaseCrashlytics */; };
		04F9BF082B06895C008E2D56 /* FirebaseDatabase in Frameworks */ = {isa = PBXBuildFile; productRef = 04F9BF072B06895C008E2D56 /* FirebaseDatabase */; };
		04F9BF0A2B06895C008E2D56 /* FirebaseDatabaseSwift in Frameworks */ = {isa = PBXBuildFile; productRef = 04F9BF092B06895C008E2D56 /* FirebaseDatabaseSwift */; };
		04F9BF0C2B06895C008E2D56 /* FirebaseDynamicLinks in Frameworks */ = {isa = PBXBuildFile; productRef = 04F9BF0B2B06895C008E2D56 /* FirebaseDynamicLinks */; };
		04F9BF0E2B06895C008E2D56 /* FirebaseFirestore in Frameworks */ = {isa = PBXBuildFile; productRef = 04F9BF0D2B06895C008E2D56 /* FirebaseFirestore */; };
		04F9BF102B06895C008E2D56 /* FirebaseFirestoreCombine-Community in Frameworks */ = {isa = PBXBuildFile; productRef = 04F9BF0F2B06895C008E2D56 /* FirebaseFirestoreCombine-Community */; };
		04F9BF122B06895C008E2D56 /* FirebaseFirestoreSwift in Frameworks */ = {isa = PBXBuildFile; productRef = 04F9BF112B06895C008E2D56 /* FirebaseFirestoreSwift */; };
		04F9BF142B06895C008E2D56 /* FirebaseFunctions in Frameworks */ = {isa = PBXBuildFile; productRef = 04F9BF132B06895C008E2D56 /* FirebaseFunctions */; };
/* End PBXBuildFile section */

/* Begin PBXFileReference section */
		04A889EB2B054B7C0067F679 /* ToDoFIRE.app */ = {isa = PBXFileReference; explicitFileType = wrapper.application; includeInIndex = 0; path = ToDoFIRE.app; sourceTree = BUILT_PRODUCTS_DIR; };
		04A889EE2B054B7C0067F679 /* AppDelegate.swift */ = {isa = PBXFileReference; lastKnownFileType = sourcecode.swift; path = AppDelegate.swift; sourceTree = "<group>"; };
		04A889F02B054B7C0067F679 /* SceneDelegate.swift */ = {isa = PBXFileReference; lastKnownFileType = sourcecode.swift; path = SceneDelegate.swift; sourceTree = "<group>"; };
		04A889F22B054B7C0067F679 /* LoginViewController.swift */ = {isa = PBXFileReference; lastKnownFileType = sourcecode.swift; path = LoginViewController.swift; sourceTree = "<group>"; };
		04A889F52B054B7C0067F679 /* Base */ = {isa = PBXFileReference; lastKnownFileType = file.storyboard; name = Base; path = Base.lproj/Main.storyboard; sourceTree = "<group>"; };
		04A889F72B054B7E0067F679 /* Assets.xcassets */ = {isa = PBXFileReference; lastKnownFileType = folder.assetcatalog; path = Assets.xcassets; sourceTree = "<group>"; };
		04A889FA2B054B7E0067F679 /* Base */ = {isa = PBXFileReference; lastKnownFileType = file.storyboard; name = Base; path = Base.lproj/LaunchScreen.storyboard; sourceTree = "<group>"; };
		04A889FC2B054B7E0067F679 /* Info.plist */ = {isa = PBXFileReference; lastKnownFileType = text.plist.xml; path = Info.plist; sourceTree = "<group>"; };
		04A88A022B0650840067F679 /* TasksViewController.swift */ = {isa = PBXFileReference; lastKnownFileType = sourcecode.swift; path = TasksViewController.swift; sourceTree = "<group>"; };
		04EF00A22B0A200B009A872F /* TaskModel.swift */ = {isa = PBXFileReference; lastKnownFileType = sourcecode.swift; path = TaskModel.swift; sourceTree = "<group>"; };
		04EF00A42B0A2013009A872F /* UserModel.swift */ = {isa = PBXFileReference; lastKnownFileType = sourcecode.swift; path = UserModel.swift; sourceTree = "<group>"; };
		04F9BEBC2B06887B008E2D56 /* GoogleService-Info.plist */ = {isa = PBXFileReference; fileEncoding = 4; lastKnownFileType = text.plist.xml; path = "GoogleService-Info.plist"; sourceTree = "<group>"; };
/* End PBXFileReference section */

/* Begin PBXFrameworksBuildPhase section */
		04A889E82B054B7C0067F679 /* Frameworks */ = {
			isa = PBXFrameworksBuildPhase;
			buildActionMask = 2147483647;
			files = (
				04F9BED22B06894E008E2D56 /* FirebaseDatabase in Frameworks */,
				04F9BEE02B06894E008E2D56 /* FirebaseFunctionsCombine-Community in Frameworks */,
				04F9BED82B06894E008E2D56 /* FirebaseFirestore in Frameworks */,
				04F9BEC42B06894E008E2D56 /* FirebaseAnalyticsSwift in Frameworks */,
				04F9BEC02B06894E008E2D56 /* FirebaseAnalytics in Frameworks */,
				04F9BEC22B06894E008E2D56 /* FirebaseAnalyticsOnDeviceConversion in Frameworks */,
				04F9BEE82B06894E008E2D56 /* FirebaseMLModelDownloader in Frameworks */,
				04F9BEDC2B06894E008E2D56 /* FirebaseFirestoreSwift in Frameworks */,
				04F9BEC82B06894E008E2D56 /* FirebaseAppCheck in Frameworks */,
				04F9BEC62B06894E008E2D56 /* FirebaseAnalyticsWithoutAdIdSupport in Frameworks */,
				04F9BECC2B06894E008E2D56 /* FirebaseAuth in Frameworks */,
				04F9BED02B06894E008E2D56 /* FirebaseCrashlytics in Frameworks */,
				04F9BEF02B06894E008E2D56 /* FirebaseRemoteConfigSwift in Frameworks */,
				04F9BF0E2B06895C008E2D56 /* FirebaseFirestore in Frameworks */,
				04F9BEF82B06895C008E2D56 /* FirebaseAnalyticsOnDeviceConversion in Frameworks */,
				04F9BEE22B06894E008E2D56 /* FirebaseInAppMessaging-Beta in Frameworks */,
				04F9BEF62B06895C008E2D56 /* FirebaseAnalytics in Frameworks */,
				04F9BF122B06895C008E2D56 /* FirebaseFirestoreSwift in Frameworks */,
				04F9BEFE2B06895C008E2D56 /* FirebaseAppCheck in Frameworks */,
				04F9BEFC2B06895C008E2D56 /* FirebaseAnalyticsWithoutAdIdSupport in Frameworks */,
				04F9BED42B06894E008E2D56 /* FirebaseDatabaseSwift in Frameworks */,
				04F9BF042B06895C008E2D56 /* FirebaseAuthCombine-Community in Frameworks */,
				04F9BF022B06895C008E2D56 /* FirebaseAuth in Frameworks */,
				04F9BEDE2B06894E008E2D56 /* FirebaseFunctions in Frameworks */,
				04F9BF002B06895C008E2D56 /* FirebaseAppDistribution-Beta in Frameworks */,
				04F9BEF42B06894E008E2D56 /* FirebaseStorageCombine-Community in Frameworks */,
				04F9BEEE2B06894E008E2D56 /* FirebaseRemoteConfig in Frameworks */,
				04F9BECA2B06894E008E2D56 /* FirebaseAppDistribution-Beta in Frameworks */,
				04F9BECE2B06894E008E2D56 /* FirebaseAuthCombine-Community in Frameworks */,
				04F9BEEC2B06894E008E2D56 /* FirebasePerformance in Frameworks */,
				04F9BEE42B06894E008E2D56 /* FirebaseInAppMessagingSwift-Beta in Frameworks */,
				04F9BF082B06895C008E2D56 /* FirebaseDatabase in Frameworks */,
				04F9BEFA2B06895C008E2D56 /* FirebaseAnalyticsSwift in Frameworks */,
				04F9BF142B06895C008E2D56 /* FirebaseFunctions in Frameworks */,
				04F9BEF22B06894E008E2D56 /* FirebaseStorage in Frameworks */,
				04F9BF0A2B06895C008E2D56 /* FirebaseDatabaseSwift in Frameworks */,
				04F9BED62B06894E008E2D56 /* FirebaseDynamicLinks in Frameworks */,
				04F9BEDA2B06894E008E2D56 /* FirebaseFirestoreCombine-Community in Frameworks */,
				04F9BF062B06895C008E2D56 /* FirebaseCrashlytics in Frameworks */,
				04F9BEEA2B06894E008E2D56 /* FirebaseMessaging in Frameworks */,
				04F9BEE62B06894E008E2D56 /* FirebaseInstallations in Frameworks */,
				04F9BF102B06895C008E2D56 /* FirebaseFirestoreCombine-Community in Frameworks */,
				04F9BF0C2B06895C008E2D56 /* FirebaseDynamicLinks in Frameworks */,
			);
			runOnlyForDeploymentPostprocessing = 0;
		};
/* End PBXFrameworksBuildPhase section */

/* Begin PBXGroup section */
		04A889E22B054B7C0067F679 = {
			isa = PBXGroup;
			children = (
				04A889ED2B054B7C0067F679 /* ToDoFIRE */,
				04A889EC2B054B7C0067F679 /* Products */,
			);
			sourceTree = "<group>";
		};
		04A889EC2B054B7C0067F679 /* Products */ = {
			isa = PBXGroup;
			children = (
				04A889EB2B054B7C0067F679 /* ToDoFIRE.app */,
			);
			name = Products;
			sourceTree = "<group>";
		};
		04A889ED2B054B7C0067F679 /* ToDoFIRE */ = {
			isa = PBXGroup;
			children = (
				04EF00A62B0A2019009A872F /* Model */,
				04A88A042B0654F80067F679 /* Controllers */,
				04A88A062B06558A0067F679 /* IBuilder */,
				04A88A052B0655310067F679 /* Supporting files */,
				04A889FC2B054B7E0067F679 /* Info.plist */,
				04F9BEBC2B06887B008E2D56 /* GoogleService-Info.plist */,
			);
			path = ToDoFIRE;
			sourceTree = "<group>";
		};
		04A88A042B0654F80067F679 /* Controllers */ = {
			isa = PBXGroup;
			children = (
				04A889F22B054B7C0067F679 /* LoginViewController.swift */,
				04A88A022B0650840067F679 /* TasksViewController.swift */,
			);
			path = Controllers;
			sourceTree = "<group>";
		};
		04A88A052B0655310067F679 /* Supporting files */ = {
			isa = PBXGroup;
			children = (
				04A889EE2B054B7C0067F679 /* AppDelegate.swift */,
				04A889F02B054B7C0067F679 /* SceneDelegate.swift */,
				04A889F72B054B7E0067F679 /* Assets.xcassets */,
			);
			path = "Supporting files";
			sourceTree = "<group>";
		};
		04A88A062B06558A0067F679 /* IBuilder */ = {
			isa = PBXGroup;
			children = (
				04A889F42B054B7C0067F679 /* Main.storyboard */,
				04A889F92B054B7E0067F679 /* LaunchScreen.storyboard */,
			);
			path = IBuilder;
			sourceTree = "<group>";
		};
		04EF00A62B0A2019009A872F /* Model */ = {
			isa = PBXGroup;
			children = (
				04EF00A42B0A2013009A872F /* UserModel.swift */,
				04EF00A22B0A200B009A872F /* TaskModel.swift */,
			);
			path = Model;
			sourceTree = "<group>";
		};
/* End PBXGroup section */

/* Begin PBXNativeTarget section */
		04A889EA2B054B7C0067F679 /* ToDoFIRE */ = {
			isa = PBXNativeTarget;
			buildConfigurationList = 04A889FF2B054B7E0067F679 /* Build configuration list for PBXNativeTarget "ToDoFIRE" */;
			buildPhases = (
				04A889E72B054B7C0067F679 /* Sources */,
				04A889E82B054B7C0067F679 /* Frameworks */,
				04A889E92B054B7C0067F679 /* Resources */,
			);
			buildRules = (
			);
			dependencies = (
			);
			name = ToDoFIRE;
			packageProductDependencies = (
				04F9BEBF2B06894E008E2D56 /* FirebaseAnalytics */,
				04F9BEC12B06894E008E2D56 /* FirebaseAnalyticsOnDeviceConversion */,
				04F9BEC32B06894E008E2D56 /* FirebaseAnalyticsSwift */,
				04F9BEC52B06894E008E2D56 /* FirebaseAnalyticsWithoutAdIdSupport */,
				04F9BEC72B06894E008E2D56 /* FirebaseAppCheck */,
				04F9BEC92B06894E008E2D56 /* FirebaseAppDistribution-Beta */,
				04F9BECB2B06894E008E2D56 /* FirebaseAuth */,
				04F9BECD2B06894E008E2D56 /* FirebaseAuthCombine-Community */,
				04F9BECF2B06894E008E2D56 /* FirebaseCrashlytics */,
				04F9BED12B06894E008E2D56 /* FirebaseDatabase */,
				04F9BED32B06894E008E2D56 /* FirebaseDatabaseSwift */,
				04F9BED52B06894E008E2D56 /* FirebaseDynamicLinks */,
				04F9BED72B06894E008E2D56 /* FirebaseFirestore */,
				04F9BED92B06894E008E2D56 /* FirebaseFirestoreCombine-Community */,
				04F9BEDB2B06894E008E2D56 /* FirebaseFirestoreSwift */,
				04F9BEDD2B06894E008E2D56 /* FirebaseFunctions */,
				04F9BEDF2B06894E008E2D56 /* FirebaseFunctionsCombine-Community */,
				04F9BEE12B06894E008E2D56 /* FirebaseInAppMessaging-Beta */,
				04F9BEE32B06894E008E2D56 /* FirebaseInAppMessagingSwift-Beta */,
				04F9BEE52B06894E008E2D56 /* FirebaseInstallations */,
				04F9BEE72B06894E008E2D56 /* FirebaseMLModelDownloader */,
				04F9BEE92B06894E008E2D56 /* FirebaseMessaging */,
				04F9BEEB2B06894E008E2D56 /* FirebasePerformance */,
				04F9BEED2B06894E008E2D56 /* FirebaseRemoteConfig */,
				04F9BEEF2B06894E008E2D56 /* FirebaseRemoteConfigSwift */,
				04F9BEF12B06894E008E2D56 /* FirebaseStorage */,
				04F9BEF32B06894E008E2D56 /* FirebaseStorageCombine-Community */,
				04F9BEF52B06895C008E2D56 /* FirebaseAnalytics */,
				04F9BEF72B06895C008E2D56 /* FirebaseAnalyticsOnDeviceConversion */,
				04F9BEF92B06895C008E2D56 /* FirebaseAnalyticsSwift */,
				04F9BEFB2B06895C008E2D56 /* FirebaseAnalyticsWithoutAdIdSupport */,
				04F9BEFD2B06895C008E2D56 /* FirebaseAppCheck */,
				04F9BEFF2B06895C008E2D56 /* FirebaseAppDistribution-Beta */,
				04F9BF012B06895C008E2D56 /* FirebaseAuth */,
				04F9BF032B06895C008E2D56 /* FirebaseAuthCombine-Community */,
				04F9BF052B06895C008E2D56 /* FirebaseCrashlytics */,
				04F9BF072B06895C008E2D56 /* FirebaseDatabase */,
				04F9BF092B06895C008E2D56 /* FirebaseDatabaseSwift */,
				04F9BF0B2B06895C008E2D56 /* FirebaseDynamicLinks */,
				04F9BF0D2B06895C008E2D56 /* FirebaseFirestore */,
				04F9BF0F2B06895C008E2D56 /* FirebaseFirestoreCombine-Community */,
				04F9BF112B06895C008E2D56 /* FirebaseFirestoreSwift */,
				04F9BF132B06895C008E2D56 /* FirebaseFunctions */,
			);
			productName = ToDoFIRE;
			productReference = 04A889EB2B054B7C0067F679 /* ToDoFIRE.app */;
			productType = "com.apple.product-type.application";
		};
/* End PBXNativeTarget section */

/* Begin PBXProject section */
		04A889E32B054B7C0067F679 /* Project object */ = {
			isa = PBXProject;
			attributes = {
				BuildIndependentTargetsInParallel = 1;
				LastSwiftUpdateCheck = 1500;
				LastUpgradeCheck = 1500;
				TargetAttributes = {
					04A889EA2B054B7C0067F679 = {
						CreatedOnToolsVersion = 15.0.1;
					};
				};
			};
			buildConfigurationList = 04A889E62B054B7C0067F679 /* Build configuration list for PBXProject "ToDoFIRE" */;
			compatibilityVersion = "Xcode 14.0";
			developmentRegion = en;
			hasScannedForEncodings = 0;
			knownRegions = (
				en,
				Base,
			);
			mainGroup = 04A889E22B054B7C0067F679;
			packageReferences = (
				04F9BEBE2B06894E008E2D56 /* XCRemoteSwiftPackageReference "firebase-ios-sdk" */,
			);
			productRefGroup = 04A889EC2B054B7C0067F679 /* Products */;
			projectDirPath = "";
			projectRoot = "";
			targets = (
				04A889EA2B054B7C0067F679 /* ToDoFIRE */,
			);
		};
/* End PBXProject section */

/* Begin PBXResourcesBuildPhase section */
		04A889E92B054B7C0067F679 /* Resources */ = {
			isa = PBXResourcesBuildPhase;
			buildActionMask = 2147483647;
			files = (
				04A889FB2B054B7E0067F679 /* LaunchScreen.storyboard in Resources */,
				04F9BEBD2B06887B008E2D56 /* GoogleService-Info.plist in Resources */,
				04A889F82B054B7E0067F679 /* Assets.xcassets in Resources */,
				04A889F62B054B7C0067F679 /* Main.storyboard in Resources */,
			);
			runOnlyForDeploymentPostprocessing = 0;
		};
/* End PBXResourcesBuildPhase section */

/* Begin PBXSourcesBuildPhase section */
		04A889E72B054B7C0067F679 /* Sources */ = {
			isa = PBXSourcesBuildPhase;
			buildActionMask = 2147483647;
			files = (
				04A889F32B054B7C0067F679 /* LoginViewController.swift in Sources */,
				04A88A032B0650840067F679 /* TasksViewController.swift in Sources */,
				04EF00A32B0A200B009A872F /* TaskModel.swift in Sources */,
				04A889EF2B054B7C0067F679 /* AppDelegate.swift in Sources */,
				04EF00A52B0A2013009A872F /* UserModel.swift in Sources */,
				04A889F12B054B7C0067F679 /* SceneDelegate.swift in Sources */,
			);
			runOnlyForDeploymentPostprocessing = 0;
		};
/* End PBXSourcesBuildPhase section */

/* Begin PBXVariantGroup section */
		04A889F42B054B7C0067F679 /* Main.storyboard */ = {
			isa = PBXVariantGroup;
			children = (
				04A889F52B054B7C0067F679 /* Base */,
			);
			name = Main.storyboard;
			sourceTree = "<group>";
		};
		04A889F92B054B7E0067F679 /* LaunchScreen.storyboard */ = {
			isa = PBXVariantGroup;
			children = (
				04A889FA2B054B7E0067F679 /* Base */,
			);
			name = LaunchScreen.storyboard;
			sourceTree = "<group>";
		};
/* End PBXVariantGroup section */

/* Begin XCBuildConfiguration section */
		04A889FD2B054B7E0067F679 /* Debug */ = {
			isa = XCBuildConfiguration;
			buildSettings = {
				ALWAYS_SEARCH_USER_PATHS = NO;
				ASSETCATALOG_COMPILER_GENERATE_SWIFT_ASSET_SYMBOL_EXTENSIONS = YES;
				CLANG_ANALYZER_NONNULL = YES;
				CLANG_ANALYZER_NUMBER_OBJECT_CONVERSION = YES_AGGRESSIVE;
				CLANG_CXX_LANGUAGE_STANDARD = "gnu++20";
				CLANG_ENABLE_MODULES = YES;
				CLANG_ENABLE_OBJC_ARC = YES;
				CLANG_ENABLE_OBJC_WEAK = YES;
				CLANG_WARN_BLOCK_CAPTURE_AUTORELEASING = YES;
				CLANG_WARN_BOOL_CONVERSION = YES;
				CLANG_WARN_COMMA = YES;
				CLANG_WARN_CONSTANT_CONVERSION = YES;
				CLANG_WARN_DEPRECATED_OBJC_IMPLEMENTATIONS = YES;
				CLANG_WARN_DIRECT_OBJC_ISA_USAGE = YES_ERROR;
				CLANG_WARN_DOCUMENTATION_COMMENTS = YES;
				CLANG_WARN_EMPTY_BODY = YES;
				CLANG_WARN_ENUM_CONVERSION = YES;
				CLANG_WARN_INFINITE_RECURSION = YES;
				CLANG_WARN_INT_CONVERSION = YES;
				CLANG_WARN_NON_LITERAL_NULL_CONVERSION = YES;
				CLANG_WARN_OBJC_IMPLICIT_RETAIN_SELF = YES;
				CLANG_WARN_OBJC_LITERAL_CONVERSION = YES;
				CLANG_WARN_OBJC_ROOT_CLASS = YES_ERROR;
				CLANG_WARN_QUOTED_INCLUDE_IN_FRAMEWORK_HEADER = YES;
				CLANG_WARN_RANGE_LOOP_ANALYSIS = YES;
				CLANG_WARN_STRICT_PROTOTYPES = YES;
				CLANG_WARN_SUSPICIOUS_MOVE = YES;
				CLANG_WARN_UNGUARDED_AVAILABILITY = YES_AGGRESSIVE;
				CLANG_WARN_UNREACHABLE_CODE = YES;
				CLANG_WARN__DUPLICATE_METHOD_MATCH = YES;
				COPY_PHASE_STRIP = NO;
				DEBUG_INFORMATION_FORMAT = dwarf;
				ENABLE_STRICT_OBJC_MSGSEND = YES;
				ENABLE_TESTABILITY = YES;
				ENABLE_USER_SCRIPT_SANDBOXING = YES;
				GCC_C_LANGUAGE_STANDARD = gnu17;
				GCC_DYNAMIC_NO_PIC = NO;
				GCC_NO_COMMON_BLOCKS = YES;
				GCC_OPTIMIZATION_LEVEL = 0;
				GCC_PREPROCESSOR_DEFINITIONS = (
					"DEBUG=1",
					"$(inherited)",
				);
				GCC_WARN_64_TO_32_BIT_CONVERSION = YES;
				GCC_WARN_ABOUT_RETURN_TYPE = YES_ERROR;
				GCC_WARN_UNDECLARED_SELECTOR = YES;
				GCC_WARN_UNINITIALIZED_AUTOS = YES_AGGRESSIVE;
				GCC_WARN_UNUSED_FUNCTION = YES;
				GCC_WARN_UNUSED_VARIABLE = YES;
				IPHONEOS_DEPLOYMENT_TARGET = 17.0;
				LOCALIZATION_PREFERS_STRING_CATALOGS = YES;
				MTL_ENABLE_DEBUG_INFO = INCLUDE_SOURCE;
				MTL_FAST_MATH = YES;
				ONLY_ACTIVE_ARCH = YES;
				SDKROOT = iphoneos;
				SWIFT_ACTIVE_COMPILATION_CONDITIONS = "DEBUG $(inherited)";
				SWIFT_OPTIMIZATION_LEVEL = "-Onone";
			};
			name = Debug;
		};
		04A889FE2B054B7E0067F679 /* Release */ = {
			isa = XCBuildConfiguration;
			buildSettings = {
				ALWAYS_SEARCH_USER_PATHS = NO;
				ASSETCATALOG_COMPILER_GENERATE_SWIFT_ASSET_SYMBOL_EXTENSIONS = YES;
				CLANG_ANALYZER_NONNULL = YES;
				CLANG_ANALYZER_NUMBER_OBJECT_CONVERSION = YES_AGGRESSIVE;
				CLANG_CXX_LANGUAGE_STANDARD = "gnu++20";
				CLANG_ENABLE_MODULES = YES;
				CLANG_ENABLE_OBJC_ARC = YES;
				CLANG_ENABLE_OBJC_WEAK = YES;
				CLANG_WARN_BLOCK_CAPTURE_AUTORELEASING = YES;
				CLANG_WARN_BOOL_CONVERSION = YES;
				CLANG_WARN_COMMA = YES;
				CLANG_WARN_CONSTANT_CONVERSION = YES;
				CLANG_WARN_DEPRECATED_OBJC_IMPLEMENTATIONS = YES;
				CLANG_WARN_DIRECT_OBJC_ISA_USAGE = YES_ERROR;
				CLANG_WARN_DOCUMENTATION_COMMENTS = YES;
				CLANG_WARN_EMPTY_BODY = YES;
				CLANG_WARN_ENUM_CONVERSION = YES;
				CLANG_WARN_INFINITE_RECURSION = YES;
				CLANG_WARN_INT_CONVERSION = YES;
				CLANG_WARN_NON_LITERAL_NULL_CONVERSION = YES;
				CLANG_WARN_OBJC_IMPLICIT_RETAIN_SELF = YES;
				CLANG_WARN_OBJC_LITERAL_CONVERSION = YES;
				CLANG_WARN_OBJC_ROOT_CLASS = YES_ERROR;
				CLANG_WARN_QUOTED_INCLUDE_IN_FRAMEWORK_HEADER = YES;
				CLANG_WARN_RANGE_LOOP_ANALYSIS = YES;
				CLANG_WARN_STRICT_PROTOTYPES = YES;
				CLANG_WARN_SUSPICIOUS_MOVE = YES;
				CLANG_WARN_UNGUARDED_AVAILABILITY = YES_AGGRESSIVE;
				CLANG_WARN_UNREACHABLE_CODE = YES;
				CLANG_WARN__DUPLICATE_METHOD_MATCH = YES;
				COPY_PHASE_STRIP = NO;
				DEBUG_INFORMATION_FORMAT = "dwarf-with-dsym";
				ENABLE_NS_ASSERTIONS = NO;
				ENABLE_STRICT_OBJC_MSGSEND = YES;
				ENABLE_USER_SCRIPT_SANDBOXING = YES;
				GCC_C_LANGUAGE_STANDARD = gnu17;
				GCC_NO_COMMON_BLOCKS = YES;
				GCC_WARN_64_TO_32_BIT_CONVERSION = YES;
				GCC_WARN_ABOUT_RETURN_TYPE = YES_ERROR;
				GCC_WARN_UNDECLARED_SELECTOR = YES;
				GCC_WARN_UNINITIALIZED_AUTOS = YES_AGGRESSIVE;
				GCC_WARN_UNUSED_FUNCTION = YES;
				GCC_WARN_UNUSED_VARIABLE = YES;
				IPHONEOS_DEPLOYMENT_TARGET = 17.0;
				LOCALIZATION_PREFERS_STRING_CATALOGS = YES;
				MTL_ENABLE_DEBUG_INFO = NO;
				MTL_FAST_MATH = YES;
				SDKROOT = iphoneos;
				SWIFT_COMPILATION_MODE = wholemodule;
				VALIDATE_PRODUCT = YES;
			};
			name = Release;
		};
		04A88A002B054B7E0067F679 /* Debug */ = {
			isa = XCBuildConfiguration;
			buildSettings = {
				ASSETCATALOG_COMPILER_APPICON_NAME = AppIcon;
				ASSETCATALOG_COMPILER_GLOBAL_ACCENT_COLOR_NAME = AccentColor;
				CODE_SIGN_STYLE = Automatic;
				CURRENT_PROJECT_VERSION = 1;
				DEVELOPMENT_TEAM = XF64YXJ635;
				GENERATE_INFOPLIST_FILE = YES;
				INFOPLIST_FILE = ToDoFIRE/Info.plist;
				INFOPLIST_KEY_UIApplicationSupportsIndirectInputEvents = YES;
				INFOPLIST_KEY_UILaunchStoryboardName = LaunchScreen;
				INFOPLIST_KEY_UIMainStoryboardFile = Main;
				INFOPLIST_KEY_UISupportedInterfaceOrientations_iPad = "UIInterfaceOrientationPortrait UIInterfaceOrientationPortraitUpsideDown UIInterfaceOrientationLandscapeLeft UIInterfaceOrientationLandscapeRight";
				INFOPLIST_KEY_UISupportedInterfaceOrientations_iPhone = "UIInterfaceOrientationPortrait UIInterfaceOrientationLandscapeLeft UIInterfaceOrientationLandscapeRight";
				IPHONEOS_DEPLOYMENT_TARGET = 15.0;
				LD_RUNPATH_SEARCH_PATHS = (
					"$(inherited)",
					"@executable_path/Frameworks",
				);
				MARKETING_VERSION = 1.0;
				PRODUCT_BUNDLE_IDENTIFIER = Heorhii.ToDoFIRE;
				PRODUCT_NAME = "$(TARGET_NAME)";
				SWIFT_EMIT_LOC_STRINGS = YES;
				SWIFT_VERSION = 5.0;
				TARGETED_DEVICE_FAMILY = "1,2";
			};
			name = Debug;
		};
		04A88A012B054B7E0067F679 /* Release */ = {
			isa = XCBuildConfiguration;
			buildSettings = {
				ASSETCATALOG_COMPILER_APPICON_NAME = AppIcon;
				ASSETCATALOG_COMPILER_GLOBAL_ACCENT_COLOR_NAME = AccentColor;
				CODE_SIGN_STYLE = Automatic;
				CURRENT_PROJECT_VERSION = 1;
				DEVELOPMENT_TEAM = XF64YXJ635;
				GENERATE_INFOPLIST_FILE = YES;
				INFOPLIST_FILE = ToDoFIRE/Info.plist;
				INFOPLIST_KEY_UIApplicationSupportsIndirectInputEvents = YES;
				INFOPLIST_KEY_UILaunchStoryboardName = LaunchScreen;
				INFOPLIST_KEY_UIMainStoryboardFile = Main;
				INFOPLIST_KEY_UISupportedInterfaceOrientations_iPad = "UIInterfaceOrientationPortrait UIInterfaceOrientationPortraitUpsideDown UIInterfaceOrientationLandscapeLeft UIInterfaceOrientationLandscapeRight";
				INFOPLIST_KEY_UISupportedInterfaceOrientations_iPhone = "UIInterfaceOrientationPortrait UIInterfaceOrientationLandscapeLeft UIInterfaceOrientationLandscapeRight";
				IPHONEOS_DEPLOYMENT_TARGET = 15.0;
				LD_RUNPATH_SEARCH_PATHS = (
					"$(inherited)",
					"@executable_path/Frameworks",
				);
				MARKETING_VERSION = 1.0;
				PRODUCT_BUNDLE_IDENTIFIER = Heorhii.ToDoFIRE;
				PRODUCT_NAME = "$(TARGET_NAME)";
				SWIFT_EMIT_LOC_STRINGS = YES;
				SWIFT_VERSION = 5.0;
				TARGETED_DEVICE_FAMILY = "1,2";
			};
			name = Release;
		};
/* End XCBuildConfiguration section */

/* Begin XCConfigurationList section */
		04A889E62B054B7C0067F679 /* Build configuration list for PBXProject "ToDoFIRE" */ = {
			isa = XCConfigurationList;
			buildConfigurations = (
				04A889FD2B054B7E0067F679 /* Debug */,
				04A889FE2B054B7E0067F679 /* Release */,
			);
			defaultConfigurationIsVisible = 0;
			defaultConfigurationName = Release;
		};
		04A889FF2B054B7E0067F679 /* Build configuration list for PBXNativeTarget "ToDoFIRE" */ = {
			isa = XCConfigurationList;
			buildConfigurations = (
				04A88A002B054B7E0067F679 /* Debug */,
				04A88A012B054B7E0067F679 /* Release */,
			);
			defaultConfigurationIsVisible = 0;
			defaultConfigurationName = Release;
		};
/* End XCConfigurationList section */

/* Begin XCRemoteSwiftPackageReference section */
		04F9BEBE2B06894E008E2D56 /* XCRemoteSwiftPackageReference "firebase-ios-sdk" */ = {
			isa = XCRemoteSwiftPackageReference;
			repositoryURL = "https://github.com/firebase/firebase-ios-sdk";
			requirement = {
				kind = upToNextMajorVersion;
				minimumVersion = 10.18.0;
			};
		};
/* End XCRemoteSwiftPackageReference section */

/* Begin XCSwiftPackageProductDependency section */
		04F9BEBF2B06894E008E2D56 /* FirebaseAnalytics */ = {
			isa = XCSwiftPackageProductDependency;
			package = 04F9BEBE2B06894E008E2D56 /* XCRemoteSwiftPackageReference "firebase-ios-sdk" */;
			productName = FirebaseAnalytics;
		};
		04F9BEC12B06894E008E2D56 /* FirebaseAnalyticsOnDeviceConversion */ = {
			isa = XCSwiftPackageProductDependency;
			package = 04F9BEBE2B06894E008E2D56 /* XCRemoteSwiftPackageReference "firebase-ios-sdk" */;
			productName = FirebaseAnalyticsOnDeviceConversion;
		};
		04F9BEC32B06894E008E2D56 /* FirebaseAnalyticsSwift */ = {
			isa = XCSwiftPackageProductDependency;
			package = 04F9BEBE2B06894E008E2D56 /* XCRemoteSwiftPackageReference "firebase-ios-sdk" */;
			productName = FirebaseAnalyticsSwift;
		};
		04F9BEC52B06894E008E2D56 /* FirebaseAnalyticsWithoutAdIdSupport */ = {
			isa = XCSwiftPackageProductDependency;
			package = 04F9BEBE2B06894E008E2D56 /* XCRemoteSwiftPackageReference "firebase-ios-sdk" */;
			productName = FirebaseAnalyticsWithoutAdIdSupport;
		};
		04F9BEC72B06894E008E2D56 /* FirebaseAppCheck */ = {
			isa = XCSwiftPackageProductDependency;
			package = 04F9BEBE2B06894E008E2D56 /* XCRemoteSwiftPackageReference "firebase-ios-sdk" */;
			productName = FirebaseAppCheck;
		};
		04F9BEC92B06894E008E2D56 /* FirebaseAppDistribution-Beta */ = {
			isa = XCSwiftPackageProductDependency;
			package = 04F9BEBE2B06894E008E2D56 /* XCRemoteSwiftPackageReference "firebase-ios-sdk" */;
			productName = "FirebaseAppDistribution-Beta";
		};
		04F9BECB2B06894E008E2D56 /* FirebaseAuth */ = {
			isa = XCSwiftPackageProductDependency;
			package = 04F9BEBE2B06894E008E2D56 /* XCRemoteSwiftPackageReference "firebase-ios-sdk" */;
			productName = FirebaseAuth;
		};
		04F9BECD2B06894E008E2D56 /* FirebaseAuthCombine-Community */ = {
			isa = XCSwiftPackageProductDependency;
			package = 04F9BEBE2B06894E008E2D56 /* XCRemoteSwiftPackageReference "firebase-ios-sdk" */;
			productName = "FirebaseAuthCombine-Community";
		};
		04F9BECF2B06894E008E2D56 /* FirebaseCrashlytics */ = {
			isa = XCSwiftPackageProductDependency;
			package = 04F9BEBE2B06894E008E2D56 /* XCRemoteSwiftPackageReference "firebase-ios-sdk" */;
			productName = FirebaseCrashlytics;
		};
		04F9BED12B06894E008E2D56 /* FirebaseDatabase */ = {
			isa = XCSwiftPackageProductDependency;
			package = 04F9BEBE2B06894E008E2D56 /* XCRemoteSwiftPackageReference "firebase-ios-sdk" */;
			productName = FirebaseDatabase;
		};
		04F9BED32B06894E008E2D56 /* FirebaseDatabaseSwift */ = {
			isa = XCSwiftPackageProductDependency;
			package = 04F9BEBE2B06894E008E2D56 /* XCRemoteSwiftPackageReference "firebase-ios-sdk" */;
			productName = FirebaseDatabaseSwift;
		};
		04F9BED52B06894E008E2D56 /* FirebaseDynamicLinks */ = {
			isa = XCSwiftPackageProductDependency;
			package = 04F9BEBE2B06894E008E2D56 /* XCRemoteSwiftPackageReference "firebase-ios-sdk" */;
			productName = FirebaseDynamicLinks;
		};
		04F9BED72B06894E008E2D56 /* FirebaseFirestore */ = {
			isa = XCSwiftPackageProductDependency;
			package = 04F9BEBE2B06894E008E2D56 /* XCRemoteSwiftPackageReference "firebase-ios-sdk" */;
			productName = FirebaseFirestore;
		};
		04F9BED92B06894E008E2D56 /* FirebaseFirestoreCombine-Community */ = {
			isa = XCSwiftPackageProductDependency;
			package = 04F9BEBE2B06894E008E2D56 /* XCRemoteSwiftPackageReference "firebase-ios-sdk" */;
			productName = "FirebaseFirestoreCombine-Community";
		};
		04F9BEDB2B06894E008E2D56 /* FirebaseFirestoreSwift */ = {
			isa = XCSwiftPackageProductDependency;
			package = 04F9BEBE2B06894E008E2D56 /* XCRemoteSwiftPackageReference "firebase-ios-sdk" */;
			productName = FirebaseFirestoreSwift;
		};
		04F9BEDD2B06894E008E2D56 /* FirebaseFunctions */ = {
			isa = XCSwiftPackageProductDependency;
			package = 04F9BEBE2B06894E008E2D56 /* XCRemoteSwiftPackageReference "firebase-ios-sdk" */;
			productName = FirebaseFunctions;
		};
		04F9BEDF2B06894E008E2D56 /* FirebaseFunctionsCombine-Community */ = {
			isa = XCSwiftPackageProductDependency;
			package = 04F9BEBE2B06894E008E2D56 /* XCRemoteSwiftPackageReference "firebase-ios-sdk" */;
			productName = "FirebaseFunctionsCombine-Community";
		};
		04F9BEE12B06894E008E2D56 /* FirebaseInAppMessaging-Beta */ = {
			isa = XCSwiftPackageProductDependency;
			package = 04F9BEBE2B06894E008E2D56 /* XCRemoteSwiftPackageReference "firebase-ios-sdk" */;
			productName = "FirebaseInAppMessaging-Beta";
		};
		04F9BEE32B06894E008E2D56 /* FirebaseInAppMessagingSwift-Beta */ = {
			isa = XCSwiftPackageProductDependency;
			package = 04F9BEBE2B06894E008E2D56 /* XCRemoteSwiftPackageReference "firebase-ios-sdk" */;
			productName = "FirebaseInAppMessagingSwift-Beta";
		};
		04F9BEE52B06894E008E2D56 /* FirebaseInstallations */ = {
			isa = XCSwiftPackageProductDependency;
			package = 04F9BEBE2B06894E008E2D56 /* XCRemoteSwiftPackageReference "firebase-ios-sdk" */;
			productName = FirebaseInstallations;
		};
		04F9BEE72B06894E008E2D56 /* FirebaseMLModelDownloader */ = {
			isa = XCSwiftPackageProductDependency;
			package = 04F9BEBE2B06894E008E2D56 /* XCRemoteSwiftPackageReference "firebase-ios-sdk" */;
			productName = FirebaseMLModelDownloader;
		};
		04F9BEE92B06894E008E2D56 /* FirebaseMessaging */ = {
			isa = XCSwiftPackageProductDependency;
			package = 04F9BEBE2B06894E008E2D56 /* XCRemoteSwiftPackageReference "firebase-ios-sdk" */;
			productName = FirebaseMessaging;
		};
		04F9BEEB2B06894E008E2D56 /* FirebasePerformance */ = {
			isa = XCSwiftPackageProductDependency;
			package = 04F9BEBE2B06894E008E2D56 /* XCRemoteSwiftPackageReference "firebase-ios-sdk" */;
			productName = FirebasePerformance;
		};
		04F9BEED2B06894E008E2D56 /* FirebaseRemoteConfig */ = {
			isa = XCSwiftPackageProductDependency;
			package = 04F9BEBE2B06894E008E2D56 /* XCRemoteSwiftPackageReference "firebase-ios-sdk" */;
			productName = FirebaseRemoteConfig;
		};
		04F9BEEF2B06894E008E2D56 /* FirebaseRemoteConfigSwift */ = {
			isa = XCSwiftPackageProductDependency;
			package = 04F9BEBE2B06894E008E2D56 /* XCRemoteSwiftPackageReference "firebase-ios-sdk" */;
			productName = FirebaseRemoteConfigSwift;
		};
		04F9BEF12B06894E008E2D56 /* FirebaseStorage */ = {
			isa = XCSwiftPackageProductDependency;
			package = 04F9BEBE2B06894E008E2D56 /* XCRemoteSwiftPackageReference "firebase-ios-sdk" */;
			productName = FirebaseStorage;
		};
		04F9BEF32B06894E008E2D56 /* FirebaseStorageCombine-Community */ = {
			isa = XCSwiftPackageProductDependency;
			package = 04F9BEBE2B06894E008E2D56 /* XCRemoteSwiftPackageReference "firebase-ios-sdk" */;
			productName = "FirebaseStorageCombine-Community";
		};
		04F9BEF52B06895C008E2D56 /* FirebaseAnalytics */ = {
			isa = XCSwiftPackageProductDependency;
			package = 04F9BEBE2B06894E008E2D56 /* XCRemoteSwiftPackageReference "firebase-ios-sdk" */;
			productName = FirebaseAnalytics;
		};
		04F9BEF72B06895C008E2D56 /* FirebaseAnalyticsOnDeviceConversion */ = {
			isa = XCSwiftPackageProductDependency;
			package = 04F9BEBE2B06894E008E2D56 /* XCRemoteSwiftPackageReference "firebase-ios-sdk" */;
			productName = FirebaseAnalyticsOnDeviceConversion;
		};
		04F9BEF92B06895C008E2D56 /* FirebaseAnalyticsSwift */ = {
			isa = XCSwiftPackageProductDependency;
			package = 04F9BEBE2B06894E008E2D56 /* XCRemoteSwiftPackageReference "firebase-ios-sdk" */;
			productName = FirebaseAnalyticsSwift;
		};
		04F9BEFB2B06895C008E2D56 /* FirebaseAnalyticsWithoutAdIdSupport */ = {
			isa = XCSwiftPackageProductDependency;
			package = 04F9BEBE2B06894E008E2D56 /* XCRemoteSwiftPackageReference "firebase-ios-sdk" */;
			productName = FirebaseAnalyticsWithoutAdIdSupport;
		};
		04F9BEFD2B06895C008E2D56 /* FirebaseAppCheck */ = {
			isa = XCSwiftPackageProductDependency;
			package = 04F9BEBE2B06894E008E2D56 /* XCRemoteSwiftPackageReference "firebase-ios-sdk" */;
			productName = FirebaseAppCheck;
		};
		04F9BEFF2B06895C008E2D56 /* FirebaseAppDistribution-Beta */ = {
			isa = XCSwiftPackageProductDependency;
			package = 04F9BEBE2B06894E008E2D56 /* XCRemoteSwiftPackageReference "firebase-ios-sdk" */;
			productName = "FirebaseAppDistribution-Beta";
		};
		04F9BF012B06895C008E2D56 /* FirebaseAuth */ = {
			isa = XCSwiftPackageProductDependency;
			package = 04F9BEBE2B06894E008E2D56 /* XCRemoteSwiftPackageReference "firebase-ios-sdk" */;
			productName = FirebaseAuth;
		};
		04F9BF032B06895C008E2D56 /* FirebaseAuthCombine-Community */ = {
			isa = XCSwiftPackageProductDependency;
			package = 04F9BEBE2B06894E008E2D56 /* XCRemoteSwiftPackageReference "firebase-ios-sdk" */;
			productName = "FirebaseAuthCombine-Community";
		};
		04F9BF052B06895C008E2D56 /* FirebaseCrashlytics */ = {
			isa = XCSwiftPackageProductDependency;
			package = 04F9BEBE2B06894E008E2D56 /* XCRemoteSwiftPackageReference "firebase-ios-sdk" */;
			productName = FirebaseCrashlytics;
		};
		04F9BF072B06895C008E2D56 /* FirebaseDatabase */ = {
			isa = XCSwiftPackageProductDependency;
			package = 04F9BEBE2B06894E008E2D56 /* XCRemoteSwiftPackageReference "firebase-ios-sdk" */;
			productName = FirebaseDatabase;
		};
		04F9BF092B06895C008E2D56 /* FirebaseDatabaseSwift */ = {
			isa = XCSwiftPackageProductDependency;
			package = 04F9BEBE2B06894E008E2D56 /* XCRemoteSwiftPackageReference "firebase-ios-sdk" */;
			productName = FirebaseDatabaseSwift;
		};
		04F9BF0B2B06895C008E2D56 /* FirebaseDynamicLinks */ = {
			isa = XCSwiftPackageProductDependency;
			package = 04F9BEBE2B06894E008E2D56 /* XCRemoteSwiftPackageReference "firebase-ios-sdk" */;
			productName = FirebaseDynamicLinks;
		};
		04F9BF0D2B06895C008E2D56 /* FirebaseFirestore */ = {
			isa = XCSwiftPackageProductDependency;
			package = 04F9BEBE2B06894E008E2D56 /* XCRemoteSwiftPackageReference "firebase-ios-sdk" */;
			productName = FirebaseFirestore;
		};
		04F9BF0F2B06895C008E2D56 /* FirebaseFirestoreCombine-Community */ = {
			isa = XCSwiftPackageProductDependency;
			package = 04F9BEBE2B06894E008E2D56 /* XCRemoteSwiftPackageReference "firebase-ios-sdk" */;
			productName = "FirebaseFirestoreCombine-Community";
		};
		04F9BF112B06895C008E2D56 /* FirebaseFirestoreSwift */ = {
			isa = XCSwiftPackageProductDependency;
			package = 04F9BEBE2B06894E008E2D56 /* XCRemoteSwiftPackageReference "firebase-ios-sdk" */;
			productName = FirebaseFirestoreSwift;
		};
		04F9BF132B06895C008E2D56 /* FirebaseFunctions */ = {
			isa = XCSwiftPackageProductDependency;
			package = 04F9BEBE2B06894E008E2D56 /* XCRemoteSwiftPackageReference "firebase-ios-sdk" */;
			productName = FirebaseFunctions;
		};
/* End XCSwiftPackageProductDependency section */
	};
	rootObject = 04A889E32B054B7C0067F679 /* Project object */;
}
